// !$*UTF8*$!
{
	archiveVersion = 1;
	classes = {
	};
	objectVersion = 56;
	objects = {

/* Begin PBXBuildFile section */
		BF2A4C562AAE1612008A78A3 /* ContentView.swift in Sources */ = {isa = PBXBuildFile; fileRef = BF2A4C552AAE1612008A78A3 /* ContentView.swift */; };
		BFE14E0C2AAE0C35002C5CCF /* LocalizeToolApp.swift in Sources */ = {isa = PBXBuildFile; fileRef = BFE14E0B2AAE0C35002C5CCF /* LocalizeToolApp.swift */; };
		BFE14E102AAE0C36002C5CCF /* Assets.xcassets in Resources */ = {isa = PBXBuildFile; fileRef = BFE14E0F2AAE0C36002C5CCF /* Assets.xcassets */; };
		BFE14E132AAE0C36002C5CCF /* Preview Assets.xcassets in Resources */ = {isa = PBXBuildFile; fileRef = BFE14E122AAE0C36002C5CCF /* Preview Assets.xcassets */; };
		BFE14E1B2AAE0D0C002C5CCF /* LocateView.swift in Sources */ = {isa = PBXBuildFile; fileRef = BFE14E1A2AAE0D0C002C5CCF /* LocateView.swift */; };
		BFE14E1D2AAE0D14002C5CCF /* CSV.swift in Sources */ = {isa = PBXBuildFile; fileRef = BFE14E1C2AAE0D14002C5CCF /* CSV.swift */; };
/* End PBXBuildFile section */

/* Begin PBXFileReference section */
		BF2A4C552AAE1612008A78A3 /* ContentView.swift */ = {isa = PBXFileReference; lastKnownFileType = sourcecode.swift; path = ContentView.swift; sourceTree = "<group>"; };
		BFE14E082AAE0C35002C5CCF /* LocalizeTool.app */ = {isa = PBXFileReference; explicitFileType = wrapper.application; includeInIndex = 0; path = LocalizeTool.app; sourceTree = BUILT_PRODUCTS_DIR; };
		BFE14E0B2AAE0C35002C5CCF /* LocalizeToolApp.swift */ = {isa = PBXFileReference; lastKnownFileType = sourcecode.swift; path = LocalizeToolApp.swift; sourceTree = "<group>"; };
		BFE14E0F2AAE0C36002C5CCF /* Assets.xcassets */ = {isa = PBXFileReference; lastKnownFileType = folder.assetcatalog; path = Assets.xcassets; sourceTree = "<group>"; };
		BFE14E122AAE0C36002C5CCF /* Preview Assets.xcassets */ = {isa = PBXFileReference; lastKnownFileType = folder.assetcatalog; path = "Preview Assets.xcassets"; sourceTree = "<group>"; };
		BFE14E142AAE0C36002C5CCF /* LocalizeTool.entitlements */ = {isa = PBXFileReference; lastKnownFileType = text.plist.entitlements; path = LocalizeTool.entitlements; sourceTree = "<group>"; };
		BFE14E1A2AAE0D0C002C5CCF /* LocateView.swift */ = {isa = PBXFileReference; fileEncoding = 4; lastKnownFileType = sourcecode.swift; path = LocateView.swift; sourceTree = "<group>"; };
		BFE14E1C2AAE0D14002C5CCF /* CSV.swift */ = {isa = PBXFileReference; fileEncoding = 4; lastKnownFileType = sourcecode.swift; path = CSV.swift; sourceTree = "<group>"; };
/* End PBXFileReference section */

/* Begin PBXFrameworksBuildPhase section */
		BFE14E052AAE0C35002C5CCF /* Frameworks */ = {
			isa = PBXFrameworksBuildPhase;
			buildActionMask = 2147483647;
			files = (
			);
			runOnlyForDeploymentPostprocessing = 0;
		};
/* End PBXFrameworksBuildPhase section */

/* Begin PBXGroup section */
		BFE14DFF2AAE0C35002C5CCF = {
			isa = PBXGroup;
			children = (
				BFE14E0A2AAE0C35002C5CCF /* LocalizeTool */,
				BFE14E092AAE0C35002C5CCF /* Products */,
			);
			sourceTree = "<group>";
		};
		BFE14E092AAE0C35002C5CCF /* Products */ = {
			isa = PBXGroup;
			children = (
				BFE14E082AAE0C35002C5CCF /* LocalizeTool.app */,
			);
			name = Products;
			sourceTree = "<group>";
		};
		BFE14E0A2AAE0C35002C5CCF /* LocalizeTool */ = {
			isa = PBXGroup;
			children = (
				BF2A4C552AAE1612008A78A3 /* ContentView.swift */,
				BFE14E1C2AAE0D14002C5CCF /* CSV.swift */,
				BFE14E1A2AAE0D0C002C5CCF /* LocateView.swift */,
				BFE14E0B2AAE0C35002C5CCF /* LocalizeToolApp.swift */,
				BFE14E0F2AAE0C36002C5CCF /* Assets.xcassets */,
				BFE14E142AAE0C36002C5CCF /* LocalizeTool.entitlements */,
				BFE14E112AAE0C36002C5CCF /* Preview Content */,
			);
			path = LocalizeTool;
			sourceTree = "<group>";
		};
		BFE14E112AAE0C36002C5CCF /* Preview Content */ = {
			isa = PBXGroup;
			children = (
				BFE14E122AAE0C36002C5CCF /* Preview Assets.xcassets */,
			);
			path = "Preview Content";
			sourceTree = "<group>";
		};
/* End PBXGroup section */

/* Begin PBXNativeTarget section */
		BFE14E072AAE0C35002C5CCF /* LocalizeTool */ = {
			isa = PBXNativeTarget;
			buildConfigurationList = BFE14E172AAE0C36002C5CCF /* Build configuration list for PBXNativeTarget "LocalizeTool" */;
			buildPhases = (
				BFE14E042AAE0C35002C5CCF /* Sources */,
				BFE14E052AAE0C35002C5CCF /* Frameworks */,
				BFE14E062AAE0C35002C5CCF /* Resources */,
			);
			buildRules = (
			);
			dependencies = (
			);
			name = LocalizeTool;
			productName = LocalizeTool;
			productReference = BFE14E082AAE0C35002C5CCF /* LocalizeTool.app */;
			productType = "com.apple.product-type.application";
		};
/* End PBXNativeTarget section */

/* Begin PBXProject section */
		BFE14E002AAE0C35002C5CCF /* Project object */ = {
			isa = PBXProject;
			attributes = {
				BuildIndependentTargetsInParallel = 1;
				LastSwiftUpdateCheck = 1430;
				LastUpgradeCheck = 1430;
				TargetAttributes = {
					BFE14E072AAE0C35002C5CCF = {
						CreatedOnToolsVersion = 14.3.1;
					};
				};
			};
			buildConfigurationList = BFE14E032AAE0C35002C5CCF /* Build configuration list for PBXProject "LocalizeTool" */;
			compatibilityVersion = "Xcode 14.0";
			developmentRegion = en;
			hasScannedForEncodings = 0;
			knownRegions = (
				en,
				Base,
			);
			mainGroup = BFE14DFF2AAE0C35002C5CCF;
			productRefGroup = BFE14E092AAE0C35002C5CCF /* Products */;
			projectDirPath = "";
			projectRoot = "";
			targets = (
				BFE14E072AAE0C35002C5CCF /* LocalizeTool */,
			);
		};
/* End PBXProject section */

/* Begin PBXResourcesBuildPhase section */
		BFE14E062AAE0C35002C5CCF /* Resources */ = {
			isa = PBXResourcesBuildPhase;
			buildActionMask = 2147483647;
			files = (
				BFE14E132AAE0C36002C5CCF /* Preview Assets.xcassets in Resources */,
				BFE14E102AAE0C36002C5CCF /* Assets.xcassets in Resources */,
			);
			runOnlyForDeploymentPostprocessing = 0;
		};
/* End PBXResourcesBuildPhase section */

/* Begin PBXSourcesBuildPhase section */
		BFE14E042AAE0C35002C5CCF /* Sources */ = {
			isa = PBXSourcesBuildPhase;
			buildActionMask = 2147483647;
			files = (
				BFE14E1D2AAE0D14002C5CCF /* CSV.swift in Sources */,
				BFE14E1B2AAE0D0C002C5CCF /* LocateView.swift in Sources */,
				BF2A4C562AAE1612008A78A3 /* ContentView.swift in Sources */,
				BFE14E0C2AAE0C35002C5CCF /* LocalizeToolApp.swift in Sources */,
			);
			runOnlyForDeploymentPostprocessing = 0;
		};
/* End PBXSourcesBuildPhase section */

/* Begin XCBuildConfiguration section */
		BFE14E152AAE0C36002C5CCF /* Debug */ = {
			isa = XCBuildConfiguration;
			buildSettings = {
				ALWAYS_SEARCH_USER_PATHS = NO;
				CLANG_ANALYZER_NONNULL = YES;
				CLANG_ANALYZER_NUMBER_OBJECT_CONVERSION = YES_AGGRESSIVE;
				CLANG_CXX_LANGUAGE_STANDARD = "gnu++20";
				CLANG_ENABLE_MODULES = YES;
				CLANG_ENABLE_OBJC_ARC = YES;
				CLANG_ENABLE_OBJC_WEAK = YES;
				CLANG_WARN_BLOCK_CAPTURE_AUTORELEASING = YES;
				CLANG_WARN_BOOL_CONVERSION = YES;
				CLANG_WARN_COMMA = YES;
				CLANG_WARN_CONSTANT_CONVERSION = YES;
				CLANG_WARN_DEPRECATED_OBJC_IMPLEMENTATIONS = YES;
				CLANG_WARN_DIRECT_OBJC_ISA_USAGE = YES_ERROR;
				CLANG_WARN_DOCUMENTATION_COMMENTS = YES;
				CLANG_WARN_EMPTY_BODY = YES;
				CLANG_WARN_ENUM_CONVERSION = YES;
				CLANG_WARN_INFINITE_RECURSION = YES;
				CLANG_WARN_INT_CONVERSION = YES;
				CLANG_WARN_NON_LITERAL_NULL_CONVERSION = YES;
				CLANG_WARN_OBJC_IMPLICIT_RETAIN_SELF = YES;
				CLANG_WARN_OBJC_LITERAL_CONVERSION = YES;
				CLANG_WARN_OBJC_ROOT_CLASS = YES_ERROR;
				CLANG_WARN_QUOTED_INCLUDE_IN_FRAMEWORK_HEADER = YES;
				CLANG_WARN_RANGE_LOOP_ANALYSIS = YES;
				CLANG_WARN_STRICT_PROTOTYPES = YES;
				CLANG_WARN_SUSPICIOUS_MOVE = YES;
				CLANG_WARN_UNGUARDED_AVAILABILITY = YES_AGGRESSIVE;
				CLANG_WARN_UNREACHABLE_CODE = YES;
				CLANG_WARN__DUPLICATE_METHOD_MATCH = YES;
				COPY_PHASE_STRIP = NO;
				DEBUG_INFORMATION_FORMAT = dwarf;
				ENABLE_STRICT_OBJC_MSGSEND = YES;
				ENABLE_TESTABILITY = YES;
				GCC_C_LANGUAGE_STANDARD = gnu11;
				GCC_DYNAMIC_NO_PIC = NO;
				GCC_NO_COMMON_BLOCKS = YES;
				GCC_OPTIMIZATION_LEVEL = 0;
				GCC_PREPROCESSOR_DEFINITIONS = (
					"DEBUG=1",
					"$(inherited)",
				);
				GCC_WARN_64_TO_32_BIT_CONVERSION = YES;
				GCC_WARN_ABOUT_RETURN_TYPE = YES_ERROR;
				GCC_WARN_UNDECLARED_SELECTOR = YES;
				GCC_WARN_UNINITIALIZED_AUTOS = YES_AGGRESSIVE;
				GCC_WARN_UNUSED_FUNCTION = YES;
				GCC_WARN_UNUSED_VARIABLE = YES;
				MACOSX_DEPLOYMENT_TARGET = 13.3;
				MTL_ENABLE_DEBUG_INFO = INCLUDE_SOURCE;
				MTL_FAST_MATH = YES;
				ONLY_ACTIVE_ARCH = YES;
				SDKROOT = macosx;
				SWIFT_ACTIVE_COMPILATION_CONDITIONS = DEBUG;
				SWIFT_OPTIMIZATION_LEVEL = "-Onone";
			};
			name = Debug;
		};
		BFE14E162AAE0C36002C5CCF /* Release */ = {
			isa = XCBuildConfiguration;
			buildSettings = {
				ALWAYS_SEARCH_USER_PATHS = NO;
				CLANG_ANALYZER_NONNULL = YES;
				CLANG_ANALYZER_NUMBER_OBJECT_CONVERSION = YES_AGGRESSIVE;
				CLANG_CXX_LANGUAGE_STANDARD = "gnu++20";
				CLANG_ENABLE_MODULES = YES;
				CLANG_ENABLE_OBJC_ARC = YES;
				CLANG_ENABLE_OBJC_WEAK = YES;
				CLANG_WARN_BLOCK_CAPTURE_AUTORELEASING = YES;
				CLANG_WARN_BOOL_CONVERSION = YES;
				CLANG_WARN_COMMA = YES;
				CLANG_WARN_CONSTANT_CONVERSION = YES;
				CLANG_WARN_DEPRECATED_OBJC_IMPLEMENTATIONS = YES;
				CLANG_WARN_DIRECT_OBJC_ISA_USAGE = YES_ERROR;
				CLANG_WARN_DOCUMENTATION_COMMENTS = YES;
				CLANG_WARN_EMPTY_BODY = YES;
				CLANG_WARN_ENUM_CONVERSION = YES;
				CLANG_WARN_INFINITE_RECURSION = YES;
				CLANG_WARN_INT_CONVERSION = YES;
				CLANG_WARN_NON_LITERAL_NULL_CONVERSION = YES;
				CLANG_WARN_OBJC_IMPLICIT_RETAIN_SELF = YES;
				CLANG_WARN_OBJC_LITERAL_CONVERSION = YES;
				CLANG_WARN_OBJC_ROOT_CLASS = YES_ERROR;
				CLANG_WARN_QUOTED_INCLUDE_IN_FRAMEWORK_HEADER = YES;
				CLANG_WARN_RANGE_LOOP_ANALYSIS = YES;
				CLANG_WARN_STRICT_PROTOTYPES = YES;
				CLANG_WARN_SUSPICIOUS_MOVE = YES;
				CLANG_WARN_UNGUARDED_AVAILABILITY = YES_AGGRESSIVE;
				CLANG_WARN_UNREACHABLE_CODE = YES;
				CLANG_WARN__DUPLICATE_METHOD_MATCH = YES;
				COPY_PHASE_STRIP = NO;
				DEBUG_INFORMATION_FORMAT = "dwarf-with-dsym";
				ENABLE_NS_ASSERTIONS = NO;
				ENABLE_STRICT_OBJC_MSGSEND = YES;
				GCC_C_LANGUAGE_STANDARD = gnu11;
				GCC_NO_COMMON_BLOCKS = YES;
				GCC_WARN_64_TO_32_BIT_CONVERSION = YES;
				GCC_WARN_ABOUT_RETURN_TYPE = YES_ERROR;
				GCC_WARN_UNDECLARED_SELECTOR = YES;
				GCC_WARN_UNINITIALIZED_AUTOS = YES_AGGRESSIVE;
				GCC_WARN_UNUSED_FUNCTION = YES;
				GCC_WARN_UNUSED_VARIABLE = YES;
				MACOSX_DEPLOYMENT_TARGET = 13.3;
				MTL_ENABLE_DEBUG_INFO = NO;
				MTL_FAST_MATH = YES;
				SDKROOT = macosx;
				SWIFT_COMPILATION_MODE = wholemodule;
				SWIFT_OPTIMIZATION_LEVEL = "-O";
			};
			name = Release;
		};
		BFE14E182AAE0C36002C5CCF /* Debug */ = {
			isa = XCBuildConfiguration;
			buildSettings = {
				ASSETCATALOG_COMPILER_APPICON_NAME = AppIcon;
				ASSETCATALOG_COMPILER_GLOBAL_ACCENT_COLOR_NAME = AccentColor;
				CODE_SIGN_ENTITLEMENTS = LocalizeTool/LocalizeTool.entitlements;
				CODE_SIGN_STYLE = Automatic;
				COMBINE_HIDPI_IMAGES = YES;
				CURRENT_PROJECT_VERSION = 1;
				DEVELOPMENT_ASSET_PATHS = "\"LocalizeTool/Preview Content\"";
				DEVELOPMENT_TEAM = 4KPFG3V4T9;
				ENABLE_HARDENED_RUNTIME = YES;
				ENABLE_PREVIEWS = YES;
				GENERATE_INFOPLIST_FILE = YES;
				INFOPLIST_KEY_NSHumanReadableCopyright = "";
				LD_RUNPATH_SEARCH_PATHS = (
					"$(inherited)",
					"@executable_path/../Frameworks",
				);
				MARKETING_VERSION = 1.0;
				PRODUCT_BUNDLE_IDENTIFIER = cn.com.LocalizeTool.LocalizeTool;
				PRODUCT_NAME = "$(TARGET_NAME)";
				SWIFT_EMIT_LOC_STRINGS = YES;
				SWIFT_VERSION = 5.0;
			};
			name = Debug;
		};
		BFE14E192AAE0C36002C5CCF /* Release */ = {
			isa = XCBuildConfiguration;
			buildSettings = {
				ASSETCATALOG_COMPILER_APPICON_NAME = AppIcon;
				ASSETCATALOG_COMPILER_GLOBAL_ACCENT_COLOR_NAME = AccentColor;
				CODE_SIGN_ENTITLEMENTS = LocalizeTool/LocalizeTool.entitlements;
				CODE_SIGN_STYLE = Automatic;
				COMBINE_HIDPI_IMAGES = YES;
				CURRENT_PROJECT_VERSION = 1;
				DEVELOPMENT_ASSET_PATHS = "\"LocalizeTool/Preview Content\"";
				DEVELOPMENT_TEAM = 4KPFG3V4T9;
				ENABLE_HARDENED_RUNTIME = YES;
				ENABLE_PREVIEWS = YES;
				GENERATE_INFOPLIST_FILE = YES;
				INFOPLIST_KEY_NSHumanReadableCopyright = "";
				LD_RUNPATH_SEARCH_PATHS = (
					"$(inherited)",
					"@executable_path/../Frameworks",
				);
				MARKETING_VERSION = 1.0;
				PRODUCT_BUNDLE_IDENTIFIER = cn.com.LocalizeTool.LocalizeTool;
				PRODUCT_NAME = "$(TARGET_NAME)";
				SWIFT_EMIT_LOC_STRINGS = YES;
				SWIFT_VERSION = 5.0;
			};
			name = Release;
		};
/* End XCBuildConfiguration section */

/* Begin XCConfigurationList section */
		BFE14E032AAE0C35002C5CCF /* Build configuration list for PBXProject "LocalizeTool" */ = {
			isa = XCConfigurationList;
			buildConfigurations = (
				BFE14E152AAE0C36002C5CCF /* Debug */,
				BFE14E162AAE0C36002C5CCF /* Release */,
			);
			defaultConfigurationIsVisible = 0;
			defaultConfigurationName = Release;
		};
		BFE14E172AAE0C36002C5CCF /* Build configuration list for PBXNativeTarget "LocalizeTool" */ = {
			isa = XCConfigurationList;
			buildConfigurations = (
				BFE14E182AAE0C36002C5CCF /* Debug */,
				BFE14E192AAE0C36002C5CCF /* Release */,
			);
			defaultConfigurationIsVisible = 0;
			defaultConfigurationName = Release;
		};
/* End XCConfigurationList section */
	};
	rootObject = BFE14E002AAE0C35002C5CCF /* Project object */;
}
